PODS:
  - PullToRefreshKit (0.8.2)
  - ScrollView (0.1.1)

DEPENDENCIES:
  - PullToRefreshKit
  - ScrollView (from `../`)

EXTERNAL SOURCES:
  ScrollView:
    :path: ../

SPEC CHECKSUMS:
  PullToRefreshKit: 0a2a019bf094b8beba18c8a1bedfb1fb67ee70fd
  ScrollView: f9100d2313c95ee02fb62af64dadcc9b628ab13e

PODFILE CHECKSUM: c18919e3cc91706b4bfce92f39a3894395c3b9cd

COCOAPODS: 1.3.1
